
Microsoft Visual Studio Solution File, Format Version 12.00
# Visual Studio Version 17
VisualStudioVersion = 17.4.33110.190
MinimumVisualStudioVersion = 10.0.40219.1
Project("{FAE04EC0-301F-11D3-BF4B-00C04F79EFBC}") = "saj", "saj\saj.csproj", "{FEC0D90D-0AB4-47F0-8C76-127583437026}"
EndProject
Global
	GlobalSection(SolutionConfigurationPlatforms) = preSolution
		Debug|Any CPU = Debug|Any CPU
		Release|Any CPU = Release|Any CPU
	EndGlobalSection
	GlobalSection(ProjectConfigurationPlatforms) = postSolution
		{FEC0D90D-0AB4-47F0-8C76-127583437026}.Debug|Any CPU.ActiveCfg = Debug|Any CPU
		{FEC0D90D-0AB4-47F0-8C76-127583437026}.Debug|Any CPU.Build.0 = Debug|Any CPU
		{FEC0D90D-0AB4-47F0-8C76-127583437026}.Release|Any CPU.ActiveCfg = Release|Any CPU
		{FEC0D90D-0AB4-47F0-8C76-127583437026}.Release|Any CPU.Build.0 = Release|Any CPU
	EndGlobalSection
	GlobalSection(SolutionProperties) = preSolution
		HideSolutionNode = FALSE
	EndGlobalSection
	GlobalSection(ExtensibilityGlobals) = postSolution
		SolutionGuid = {19477CCC-9746-4607-B954-4215224D14ED}
	EndGlobalSection
EndGlobal
